// !$*UTF8*$!
{
	archiveVersion = 1;
	classes = {
	};
	objectVersion = 46;
	objects = {

/* Begin PBXBuildFile section */
		E597A86C1EBBD333008F0B69 /* AppDelegate.swift in Sources */ = {isa = PBXBuildFile; fileRef = E597A86B1EBBD333008F0B69 /* AppDelegate.swift */; };
		E597A86E1EBBD333008F0B69 /* ViewController.swift in Sources */ = {isa = PBXBuildFile; fileRef = E597A86D1EBBD333008F0B69 /* ViewController.swift */; };
		E597A8711EBBD333008F0B69 /* Main.storyboard in Resources */ = {isa = PBXBuildFile; fileRef = E597A86F1EBBD333008F0B69 /* Main.storyboard */; };
		E597A8731EBBD333008F0B69 /* Assets.xcassets in Resources */ = {isa = PBXBuildFile; fileRef = E597A8721EBBD333008F0B69 /* Assets.xcassets */; };
		E597A8761EBBD333008F0B69 /* LaunchScreen.storyboard in Resources */ = {isa = PBXBuildFile; fileRef = E597A8741EBBD333008F0B69 /* LaunchScreen.storyboard */; };
		E597A8811EBBD333008F0B69 /* WorktimeTests.swift in Sources */ = {isa = PBXBuildFile; fileRef = E597A8801EBBD333008F0B69 /* WorktimeTests.swift */; };
		E597A88C1EBBD333008F0B69 /* WorktimeUITests.swift in Sources */ = {isa = PBXBuildFile; fileRef = E597A88B1EBBD333008F0B69 /* WorktimeUITests.swift */; };
/* End PBXBuildFile section */

/* Begin PBXContainerItemProxy section */
		E597A87D1EBBD333008F0B69 /* PBXContainerItemProxy */ = {
			isa = PBXContainerItemProxy;
			containerPortal = E597A8601EBBD332008F0B69 /* Project object */;
			proxyType = 1;
			remoteGlobalIDString = E597A8671EBBD332008F0B69;
			remoteInfo = Worktime;
		};
		E597A8881EBBD333008F0B69 /* PBXContainerItemProxy */ = {
			isa = PBXContainerItemProxy;
			containerPortal = E597A8601EBBD332008F0B69 /* Project object */;
			proxyType = 1;
			remoteGlobalIDString = E597A8671EBBD332008F0B69;
			remoteInfo = Worktime;
		};
/* End PBXContainerItemProxy section */

/* Begin PBXFileReference section */
		E597A8681EBBD333008F0B69 /* Worktime.app */ = {isa = PBXFileReference; explicitFileType = wrapper.application; includeInIndex = 0; path = Worktime.app; sourceTree = BUILT_PRODUCTS_DIR; };
		E597A86B1EBBD333008F0B69 /* AppDelegate.swift */ = {isa = PBXFileReference; lastKnownFileType = sourcecode.swift; path = AppDelegate.swift; sourceTree = "<group>"; };
		E597A86D1EBBD333008F0B69 /* ViewController.swift */ = {isa = PBXFileReference; lastKnownFileType = sourcecode.swift; path = ViewController.swift; sourceTree = "<group>"; };
		E597A8701EBBD333008F0B69 /* Base */ = {isa = PBXFileReference; lastKnownFileType = file.storyboard; name = Base; path = Base.lproj/Main.storyboard; sourceTree = "<group>"; };
		E597A8721EBBD333008F0B69 /* Assets.xcassets */ = {isa = PBXFileReference; lastKnownFileType = folder.assetcatalog; path = Assets.xcassets; sourceTree = "<group>"; };
		E597A8751EBBD333008F0B69 /* Base */ = {isa = PBXFileReference; lastKnownFileType = file.storyboard; name = Base; path = Base.lproj/LaunchScreen.storyboard; sourceTree = "<group>"; };
		E597A8771EBBD333008F0B69 /* Info.plist */ = {isa = PBXFileReference; lastKnownFileType = text.plist.xml; path = Info.plist; sourceTree = "<group>"; };
		E597A87C1EBBD333008F0B69 /* WorktimeTests.xctest */ = {isa = PBXFileReference; explicitFileType = wrapper.cfbundle; includeInIndex = 0; path = WorktimeTests.xctest; sourceTree = BUILT_PRODUCTS_DIR; };
		E597A8801EBBD333008F0B69 /* WorktimeTests.swift */ = {isa = PBXFileReference; lastKnownFileType = sourcecode.swift; path = WorktimeTests.swift; sourceTree = "<group>"; };
		E597A8821EBBD333008F0B69 /* Info.plist */ = {isa = PBXFileReference; lastKnownFileType = text.plist.xml; path = Info.plist; sourceTree = "<group>"; };
		E597A8871EBBD333008F0B69 /* WorktimeUITests.xctest */ = {isa = PBXFileReference; explicitFileType = wrapper.cfbundle; includeInIndex = 0; path = WorktimeUITests.xctest; sourceTree = BUILT_PRODUCTS_DIR; };
		E597A88B1EBBD333008F0B69 /* WorktimeUITests.swift */ = {isa = PBXFileReference; lastKnownFileType = sourcecode.swift; path = WorktimeUITests.swift; sourceTree = "<group>"; };
		E597A88D1EBBD333008F0B69 /* Info.plist */ = {isa = PBXFileReference; lastKnownFileType = text.plist.xml; path = Info.plist; sourceTree = "<group>"; };
/* End PBXFileReference section */

/* Begin PBXFrameworksBuildPhase section */
		E597A8651EBBD332008F0B69 /* Frameworks */ = {
			isa = PBXFrameworksBuildPhase;
			buildActionMask = 2147483647;
			files = (
			);
			runOnlyForDeploymentPostprocessing = 0;
		};
		E597A8791EBBD333008F0B69 /* Frameworks */ = {
			isa = PBXFrameworksBuildPhase;
			buildActionMask = 2147483647;
			files = (
			);
			runOnlyForDeploymentPostprocessing = 0;
		};
		E597A8841EBBD333008F0B69 /* Frameworks */ = {
			isa = PBXFrameworksBuildPhase;
			buildActionMask = 2147483647;
			files = (
			);
			runOnlyForDeploymentPostprocessing = 0;
		};
/* End PBXFrameworksBuildPhase section */

/* Begin PBXGroup section */
		E597A85F1EBBD332008F0B69 = {
			isa = PBXGroup;
			children = (
				E597A86A1EBBD333008F0B69 /* Worktime */,
				E597A87F1EBBD333008F0B69 /* WorktimeTests */,
				E597A88A1EBBD333008F0B69 /* WorktimeUITests */,
				E597A8691EBBD333008F0B69 /* Products */,
			);
			sourceTree = "<group>";
		};
		E597A8691EBBD333008F0B69 /* Products */ = {
			isa = PBXGroup;
			children = (
				E597A8681EBBD333008F0B69 /* Worktime.app */,
				E597A87C1EBBD333008F0B69 /* WorktimeTests.xctest */,
				E597A8871EBBD333008F0B69 /* WorktimeUITests.xctest */,
			);
			name = Products;
			sourceTree = "<group>";
		};
		E597A86A1EBBD333008F0B69 /* Worktime */ = {
			isa = PBXGroup;
			children = (
				E597A86B1EBBD333008F0B69 /* AppDelegate.swift */,
				E597A86D1EBBD333008F0B69 /* ViewController.swift */,
				E597A86F1EBBD333008F0B69 /* Main.storyboard */,
				E597A8721EBBD333008F0B69 /* Assets.xcassets */,
				E597A8741EBBD333008F0B69 /* LaunchScreen.storyboard */,
				E597A8771EBBD333008F0B69 /* Info.plist */,
			);
			path = Worktime;
			sourceTree = "<group>";
		};
		E597A87F1EBBD333008F0B69 /* WorktimeTests */ = {
			isa = PBXGroup;
			children = (
				E597A8801EBBD333008F0B69 /* WorktimeTests.swift */,
				E597A8821EBBD333008F0B69 /* Info.plist */,
			);
			path = WorktimeTests;
			sourceTree = "<group>";
		};
		E597A88A1EBBD333008F0B69 /* WorktimeUITests */ = {
			isa = PBXGroup;
			children = (
				E597A88B1EBBD333008F0B69 /* WorktimeUITests.swift */,
				E597A88D1EBBD333008F0B69 /* Info.plist */,
			);
			path = WorktimeUITests;
			sourceTree = "<group>";
		};
/* End PBXGroup section */

/* Begin PBXNativeTarget section */
		E597A8671EBBD332008F0B69 /* Worktime */ = {
			isa = PBXNativeTarget;
			buildConfigurationList = E597A8901EBBD333008F0B69 /* Build configuration list for PBXNativeTarget "Worktime" */;
			buildPhases = (
				E597A8641EBBD332008F0B69 /* Sources */,
				E597A8651EBBD332008F0B69 /* Frameworks */,
				E597A8661EBBD332008F0B69 /* Resources */,
			);
			buildRules = (
			);
			dependencies = (
			);
			name = Worktime;
			productName = Worktime;
			productReference = E597A8681EBBD333008F0B69 /* Worktime.app */;
			productType = "com.apple.product-type.application";
		};
		E597A87B1EBBD333008F0B69 /* WorktimeTests */ = {
			isa = PBXNativeTarget;
			buildConfigurationList = E597A8931EBBD333008F0B69 /* Build configuration list for PBXNativeTarget "WorktimeTests" */;
			buildPhases = (
				E597A8781EBBD333008F0B69 /* Sources */,
				E597A8791EBBD333008F0B69 /* Frameworks */,
				E597A87A1EBBD333008F0B69 /* Resources */,
			);
			buildRules = (
			);
			dependencies = (
				E597A87E1EBBD333008F0B69 /* PBXTargetDependency */,
			);
			name = WorktimeTests;
			productName = WorktimeTests;
			productReference = E597A87C1EBBD333008F0B69 /* WorktimeTests.xctest */;
			productType = "com.apple.product-type.bundle.unit-test";
		};
		E597A8861EBBD333008F0B69 /* WorktimeUITests */ = {
			isa = PBXNativeTarget;
			buildConfigurationList = E597A8961EBBD333008F0B69 /* Build configuration list for PBXNativeTarget "WorktimeUITests" */;
			buildPhases = (
				E597A8831EBBD333008F0B69 /* Sources */,
				E597A8841EBBD333008F0B69 /* Frameworks */,
				E597A8851EBBD333008F0B69 /* Resources */,
			);
			buildRules = (
			);
			dependencies = (
				E597A8891EBBD333008F0B69 /* PBXTargetDependency */,
			);
			name = WorktimeUITests;
			productName = WorktimeUITests;
			productReference = E597A8871EBBD333008F0B69 /* WorktimeUITests.xctest */;
			productType = "com.apple.product-type.bundle.ui-testing";
		};
/* End PBXNativeTarget section */

/* Begin PBXProject section */
		E597A8601EBBD332008F0B69 /* Project object */ = {
			isa = PBXProject;
			attributes = {
				LastSwiftUpdateCheck = 0820;
				LastUpgradeCheck = 0820;
				ORGANIZATIONNAME = "Ulrich Eitschberger";
				TargetAttributes = {
					E597A8671EBBD332008F0B69 = {
						CreatedOnToolsVersion = 8.2;
						ProvisioningStyle = Automatic;
					};
					E597A87B1EBBD333008F0B69 = {
						CreatedOnToolsVersion = 8.2;
						ProvisioningStyle = Automatic;
						TestTargetID = E597A8671EBBD332008F0B69;
					};
					E597A8861EBBD333008F0B69 = {
						CreatedOnToolsVersion = 8.2;
						ProvisioningStyle = Automatic;
						TestTargetID = E597A8671EBBD332008F0B69;
					};
				};
			};
			buildConfigurationList = E597A8631EBBD332008F0B69 /* Build configuration list for PBXProject "Worktime" */;
			compatibilityVersion = "Xcode 3.2";
			developmentRegion = English;
			hasScannedForEncodings = 0;
			knownRegions = (
				en,
				Base,
			);
			mainGroup = E597A85F1EBBD332008F0B69;
			productRefGroup = E597A8691EBBD333008F0B69 /* Products */;
			projectDirPath = "";
			projectRoot = "";
			targets = (
				E597A8671EBBD332008F0B69 /* Worktime */,
				E597A87B1EBBD333008F0B69 /* WorktimeTests */,
				E597A8861EBBD333008F0B69 /* WorktimeUITests */,
			);
		};
/* End PBXProject section */

/* Begin PBXResourcesBuildPhase section */
		E597A8661EBBD332008F0B69 /* Resources */ = {
			isa = PBXResourcesBuildPhase;
			buildActionMask = 2147483647;
			files = (
				E597A8761EBBD333008F0B69 /* LaunchScreen.storyboard in Resources */,
				E597A8731EBBD333008F0B69 /* Assets.xcassets in Resources */,
				E597A8711EBBD333008F0B69 /* Main.storyboard in Resources */,
			);
			runOnlyForDeploymentPostprocessing = 0;
		};
		E597A87A1EBBD333008F0B69 /* Resources */ = {
			isa = PBXResourcesBuildPhase;
			buildActionMask = 2147483647;
			files = (
			);
			runOnlyForDeploymentPostprocessing = 0;
		};
		E597A8851EBBD333008F0B69 /* Resources */ = {
			isa = PBXResourcesBuildPhase;
			buildActionMask = 2147483647;
			files = (
			);
			runOnlyForDeploymentPostprocessing = 0;
		};
/* End PBXResourcesBuildPhase section */

/* Begin PBXSourcesBuildPhase section */
		E597A8641EBBD332008F0B69 /* Sources */ = {
			isa = PBXSourcesBuildPhase;
			buildActionMask = 2147483647;
			files = (
				E597A86E1EBBD333008F0B69 /* ViewController.swift in Sources */,
				E597A86C1EBBD333008F0B69 /* AppDelegate.swift in Sources */,
			);
			runOnlyForDeploymentPostprocessing = 0;
		};
		E597A8781EBBD333008F0B69 /* Sources */ = {
			isa = PBXSourcesBuildPhase;
			buildActionMask = 2147483647;
			files = (
				E597A8811EBBD333008F0B69 /* WorktimeTests.swift in Sources */,
			);
			runOnlyForDeploymentPostprocessing = 0;
		};
		E597A8831EBBD333008F0B69 /* Sources */ = {
			isa = PBXSourcesBuildPhase;
			buildActionMask = 2147483647;
			files = (
				E597A88C1EBBD333008F0B69 /* WorktimeUITests.swift in Sources */,
			);
			runOnlyForDeploymentPostprocessing = 0;
		};
/* End PBXSourcesBuildPhase section */

/* Begin PBXTargetDependency section */
		E597A87E1EBBD333008F0B69 /* PBXTargetDependency */ = {
			isa = PBXTargetDependency;
			target = E597A8671EBBD332008F0B69 /* Worktime */;
			targetProxy = E597A87D1EBBD333008F0B69 /* PBXContainerItemProxy */;
		};
		E597A8891EBBD333008F0B69 /* PBXTargetDependency */ = {
			isa = PBXTargetDependency;
			target = E597A8671EBBD332008F0B69 /* Worktime */;
			targetProxy = E597A8881EBBD333008F0B69 /* PBXContainerItemProxy */;
		};
/* End PBXTargetDependency section */

/* Begin PBXVariantGroup section */
		E597A86F1EBBD333008F0B69 /* Main.storyboard */ = {
			isa = PBXVariantGroup;
			children = (
				E597A8701EBBD333008F0B69 /* Base */,
			);
			name = Main.storyboard;
			sourceTree = "<group>";
		};
		E597A8741EBBD333008F0B69 /* LaunchScreen.storyboard */ = {
			isa = PBXVariantGroup;
			children = (
				E597A8751EBBD333008F0B69 /* Base */,
			);
			name = LaunchScreen.storyboard;
			sourceTree = "<group>";
		};
/* End PBXVariantGroup section */

/* Begin XCBuildConfiguration section */
		E597A88E1EBBD333008F0B69 /* Debug */ = {
			isa = XCBuildConfiguration;
			buildSettings = {
				ALWAYS_SEARCH_USER_PATHS = NO;
				CLANG_ANALYZER_NONNULL = YES;
				CLANG_CXX_LANGUAGE_STANDARD = "gnu++0x";
				CLANG_CXX_LIBRARY = "libc++";
				CLANG_ENABLE_MODULES = YES;
				CLANG_ENABLE_OBJC_ARC = YES;
				CLANG_WARN_BOOL_CONVERSION = YES;
				CLANG_WARN_CONSTANT_CONVERSION = YES;
				CLANG_WARN_DIRECT_OBJC_ISA_USAGE = YES_ERROR;
				CLANG_WARN_DOCUMENTATION_COMMENTS = YES;
				CLANG_WARN_EMPTY_BODY = YES;
				CLANG_WARN_ENUM_CONVERSION = YES;
				CLANG_WARN_INFINITE_RECURSION = YES;
				CLANG_WARN_INT_CONVERSION = YES;
				CLANG_WARN_OBJC_ROOT_CLASS = YES_ERROR;
				CLANG_WARN_SUSPICIOUS_MOVE = YES;
				CLANG_WARN_UNREACHABLE_CODE = YES;
				CLANG_WARN__DUPLICATE_METHOD_MATCH = YES;
				"CODE_SIGN_IDENTITY[sdk=iphoneos*]" = "iPhone Developer";
				COPY_PHASE_STRIP = NO;
				DEBUG_INFORMATION_FORMAT = dwarf;
				ENABLE_STRICT_OBJC_MSGSEND = YES;
				ENABLE_TESTABILITY = YES;
				GCC_C_LANGUAGE_STANDARD = gnu99;
				GCC_DYNAMIC_NO_PIC = NO;
				GCC_NO_COMMON_BLOCKS = YES;
				GCC_OPTIMIZATION_LEVEL = 0;
				GCC_PREPROCESSOR_DEFINITIONS = (
					"DEBUG=1",
					"$(inherited)",
				);
				GCC_WARN_64_TO_32_BIT_CONVERSION = YES;
				GCC_WARN_ABOUT_RETURN_TYPE = YES_ERROR;
				GCC_WARN_UNDECLARED_SELECTOR = YES;
				GCC_WARN_UNINITIALIZED_AUTOS = YES_AGGRESSIVE;
				GCC_WARN_UNUSED_FUNCTION = YES;
				GCC_WARN_UNUSED_VARIABLE = YES;
				IPHONEOS_DEPLOYMENT_TARGET = 10.2;
				MTL_ENABLE_DEBUG_INFO = YES;
				ONLY_ACTIVE_ARCH = YES;
				SDKROOT = iphoneos;
				SWIFT_ACTIVE_COMPILATION_CONDITIONS = DEBUG;
				SWIFT_OPTIMIZATION_LEVEL = "-Onone";
			};
			name = Debug;
		};
		E597A88F1EBBD333008F0B69 /* Release */ = {
			isa = XCBuildConfiguration;
			buildSettings = {
				ALWAYS_SEARCH_USER_PATHS = NO;
				CLANG_ANALYZER_NONNULL = YES;
				CLANG_CXX_LANGUAGE_STANDARD = "gnu++0x";
				CLANG_CXX_LIBRARY = "libc++";
				CLANG_ENABLE_MODULES = YES;
				CLANG_ENABLE_OBJC_ARC = YES;
				CLANG_WARN_BOOL_CONVERSION = YES;
				CLANG_WARN_CONSTANT_CONVERSION = YES;
				CLANG_WARN_DIRECT_OBJC_ISA_USAGE = YES_ERROR;
				CLANG_WARN_DOCUMENTATION_COMMENTS = YES;
				CLANG_WARN_EMPTY_BODY = YES;
				CLANG_WARN_ENUM_CONVERSION = YES;
				CLANG_WARN_INFINITE_RECURSION = YES;
				CLANG_WARN_INT_CONVERSION = YES;
				CLANG_WARN_OBJC_ROOT_CLASS = YES_ERROR;
				CLANG_WARN_SUSPICIOUS_MOVE = YES;
				CLANG_WARN_UNREACHABLE_CODE = YES;
				CLANG_WARN__DUPLICATE_METHOD_MATCH = YES;
				"CODE_SIGN_IDENTITY[sdk=iphoneos*]" = "iPhone Developer";
				COPY_PHASE_STRIP = NO;
				DEBUG_INFORMATION_FORMAT = "dwarf-with-dsym";
				ENABLE_NS_ASSERTIONS = NO;
				ENABLE_STRICT_OBJC_MSGSEND = YES;
				GCC_C_LANGUAGE_STANDARD = gnu99;
				GCC_NO_COMMON_BLOCKS = YES;
				GCC_WARN_64_TO_32_BIT_CONVERSION = YES;
				GCC_WARN_ABOUT_RETURN_TYPE = YES_ERROR;
				GCC_WARN_UNDECLARED_SELECTOR = YES;
				GCC_WARN_UNINITIALIZED_AUTOS = YES_AGGRESSIVE;
				GCC_WARN_UNUSED_FUNCTION = YES;
				GCC_WARN_UNUSED_VARIABLE = YES;
				IPHONEOS_DEPLOYMENT_TARGET = 10.2;
				MTL_ENABLE_DEBUG_INFO = NO;
				SDKROOT = iphoneos;
				SWIFT_OPTIMIZATION_LEVEL = "-Owholemodule";
				VALIDATE_PRODUCT = YES;
			};
			name = Release;
		};
		E597A8911EBBD333008F0B69 /* Debug */ = {
			isa = XCBuildConfiguration;
			buildSettings = {
				ASSETCATALOG_COMPILER_APPICON_NAME = AppIcon;
				INFOPLIST_FILE = Worktime/Info.plist;
				LD_RUNPATH_SEARCH_PATHS = "$(inherited) @executable_path/Frameworks";
				PRODUCT_BUNDLE_IDENTIFIER = UPE.Worktime;
				PRODUCT_NAME = "$(TARGET_NAME)";
				SWIFT_VERSION = 3.0;
			};
			name = Debug;
		};
		E597A8921EBBD333008F0B69 /* Release */ = {
			isa = XCBuildConfiguration;
			buildSettings = {
				ASSETCATALOG_COMPILER_APPICON_NAME = AppIcon;
				INFOPLIST_FILE = Worktime/Info.plist;
				LD_RUNPATH_SEARCH_PATHS = "$(inherited) @executable_path/Frameworks";
				PRODUCT_BUNDLE_IDENTIFIER = UPE.Worktime;
				PRODUCT_NAME = "$(TARGET_NAME)";
				SWIFT_VERSION = 3.0;
			};
			name = Release;
		};
		E597A8941EBBD333008F0B69 /* Debug */ = {
			isa = XCBuildConfiguration;
			buildSettings = {
				ALWAYS_EMBED_SWIFT_STANDARD_LIBRARIES = YES;
				BUNDLE_LOADER = "$(TEST_HOST)";
				INFOPLIST_FILE = WorktimeTests/Info.plist;
				LD_RUNPATH_SEARCH_PATHS = "$(inherited) @executable_path/Frameworks @loader_path/Frameworks";
				PRODUCT_BUNDLE_IDENTIFIER = UPE.WorktimeTests;
				PRODUCT_NAME = "$(TARGET_NAME)";
				SWIFT_VERSION = 3.0;
				TEST_HOST = "$(BUILT_PRODUCTS_DIR)/Worktime.app/Worktime";
			};
			name = Debug;
		};
		E597A8951EBBD333008F0B69 /* Release */ = {
			isa = XCBuildConfiguration;
			buildSettings = {
				ALWAYS_EMBED_SWIFT_STANDARD_LIBRARIES = YES;
				BUNDLE_LOADER = "$(TEST_HOST)";
				INFOPLIST_FILE = WorktimeTests/Info.plist;
				LD_RUNPATH_SEARCH_PATHS = "$(inherited) @executable_path/Frameworks @loader_path/Frameworks";
				PRODUCT_BUNDLE_IDENTIFIER = UPE.WorktimeTests;
				PRODUCT_NAME = "$(TARGET_NAME)";
				SWIFT_VERSION = 3.0;
				TEST_HOST = "$(BUILT_PRODUCTS_DIR)/Worktime.app/Worktime";
			};
			name = Release;
		};
		E597A8971EBBD333008F0B69 /* Debug */ = {
			isa = XCBuildConfiguration;
			buildSettings = {
				ALWAYS_EMBED_SWIFT_STANDARD_LIBRARIES = YES;
				INFOPLIST_FILE = WorktimeUITests/Info.plist;
				LD_RUNPATH_SEARCH_PATHS = "$(inherited) @executable_path/Frameworks @loader_path/Frameworks";
				PRODUCT_BUNDLE_IDENTIFIER = UPE.WorktimeUITests;
				PRODUCT_NAME = "$(TARGET_NAME)";
				SWIFT_VERSION = 3.0;
				TEST_TARGET_NAME = Worktime;
			};
			name = Debug;
		};
		E597A8981EBBD333008F0B69 /* Release */ = {
			isa = XCBuildConfiguration;
			buildSettings = {
				ALWAYS_EMBED_SWIFT_STANDARD_LIBRARIES = YES;
				INFOPLIST_FILE = WorktimeUITests/Info.plist;
				LD_RUNPATH_SEARCH_PATHS = "$(inherited) @executable_path/Frameworks @loader_path/Frameworks";
				PRODUCT_BUNDLE_IDENTIFIER = UPE.WorktimeUITests;
				PRODUCT_NAME = "$(TARGET_NAME)";
				SWIFT_VERSION = 3.0;
				TEST_TARGET_NAME = Worktime;
			};
			name = Release;
		};
/* End XCBuildConfiguration section */

/* Begin XCConfigurationList section */
		E597A8631EBBD332008F0B69 /* Build configuration list for PBXProject "Worktime" */ = {
			isa = XCConfigurationList;
			buildConfigurations = (
				E597A88E1EBBD333008F0B69 /* Debug */,
				E597A88F1EBBD333008F0B69 /* Release */,
			);
			defaultConfigurationIsVisible = 0;
			defaultConfigurationName = Release;
		};
		E597A8901EBBD333008F0B69 /* Build configuration list for PBXNativeTarget "Worktime" */ = {
			isa = XCConfigurationList;
			buildConfigurations = (
				E597A8911EBBD333008F0B69 /* Debug */,
				E597A8921EBBD333008F0B69 /* Release */,
			);
			defaultConfigurationIsVisible = 0;
		};
		E597A8931EBBD333008F0B69 /* Build configuration list for PBXNativeTarget "WorktimeTests" */ = {
			isa = XCConfigurationList;
			buildConfigurations = (
				E597A8941EBBD333008F0B69 /* Debug */,
				E597A8951EBBD333008F0B69 /* Release */,
			);
			defaultConfigurationIsVisible = 0;
		};
		E597A8961EBBD333008F0B69 /* Build configuration list for PBXNativeTarget "WorktimeUITests" */ = {
			isa = XCConfigurationList;
			buildConfigurations = (
				E597A8971EBBD333008F0B69 /* Debug */,
				E597A8981EBBD333008F0B69 /* Release */,
			);
			defaultConfigurationIsVisible = 0;
		};
/* End XCConfigurationList section */
	};
	rootObject = E597A8601EBBD332008F0B69 /* Project object */;
}
